{
  "name": "x402-examples-shared",
  "lockfileVersion": 3,
  "requires": true,
  "packages": {
    "": {
      "name": "x402-examples-shared",
      "dependencies": {
        "canton-x402-sdk": "file:../../",
        "dotenv": "^16.4.5"
      }
    },
    "../..": {
      "version": "0.1.0",
      "license": "Apache-2.0",
      "dependencies": {
        "express": "^4.19.2",
        "jose": "^5.2.0"
      },
      "devDependencies": {
        "@types/express": "^4.17.21",
        "@types/node": "^20.12.7",
        "typescript": "^5.4.5"
      },
      "optionalDependencies": {
        "@noble/ed25519": "^3.0.0",
        "@noble/hashes": "^1.8.0"
      },
      "peerDependencies": {
        "express": ">=4.0.0"
      }
    },
    "node_modules/canton-x402-sdk": {
      "resolved": "../..",
      "link": true
    },
    "node_modules/dotenv": {
      "version": "16.6.1",
      "resolved": "https://registry.npmjs.org/dotenv/-/dotenv-16.6.1.tgz",
      "integrity": "sha512-uBq4egWHTcTt33a72vpSG0z3HnPuIl6NqYcTrKEg2azoEyl2hpW0zqlxysq2pK9HlDIHyHyakeYaYnSAwd8bow==",
      "license": "BSD-2-Clause",
      "engines": {
        "node": ">=12"
      },
      "funding": {
        "url": "https://dotenvx.com"
      }
    }
  }
}
